// !$*UTF8*$!
{
	archiveVersion = 1;
	classes = {
	};
	objectVersion = 46;
	objects = {

/* Begin PBXBuildFile section */
		B98A216A1AA0A51600651DA8 /* AppDelegate.m in Sources */ = {isa = PBXBuildFile; fileRef = B98A21691AA0A51600651DA8 /* AppDelegate.m */; };
		B98A216C1AA0A51600651DA8 /* main.m in Sources */ = {isa = PBXBuildFile; fileRef = B98A216B1AA0A51600651DA8 /* main.m */; };
		B98A216E1AA0A51700651DA8 /* Images.xcassets in Resources */ = {isa = PBXBuildFile; fileRef = B98A216D1AA0A51700651DA8 /* Images.xcassets */; };
		B98A21711AA0A51700651DA8 /* MainMenu.xib in Resources */ = {isa = PBXBuildFile; fileRef = B98A216F1AA0A51700651DA8 /* MainMenu.xib */; };
		B98A217D1AA0A51800651DA8 /* ClearIconTests.m in Sources */ = {isa = PBXBuildFile; fileRef = B98A217C1AA0A51800651DA8 /* ClearIconTests.m */; };
/* End PBXBuildFile section */

/* Begin PBXContainerItemProxy section */
		B98A21771AA0A51800651DA8 /* PBXContainerItemProxy */ = {
			isa = PBXContainerItemProxy;
			containerPortal = B98A215B1AA0A51400651DA8 /* Project object */;
			proxyType = 1;
			remoteGlobalIDString = B98A21621AA0A51500651DA8;
			remoteInfo = ClearIcon;
		};
/* End PBXContainerItemProxy section */

/* Begin PBXFileReference section */
		B98A21631AA0A51600651DA8 /* ClearIcon.app */ = {isa = PBXFileReference; explicitFileType = wrapper.application; includeInIndex = 0; path = ClearIcon.app; sourceTree = BUILT_PRODUCTS_DIR; };
		B98A21671AA0A51600651DA8 /* Info.plist */ = {isa = PBXFileReference; lastKnownFileType = text.plist.xml; path = Info.plist; sourceTree = "<group>"; };
		B98A21681AA0A51600651DA8 /* AppDelegate.h */ = {isa = PBXFileReference; lastKnownFileType = sourcecode.c.h; path = AppDelegate.h; sourceTree = "<group>"; };
		B98A21691AA0A51600651DA8 /* AppDelegate.m */ = {isa = PBXFileReference; lastKnownFileType = sourcecode.c.objc; path = AppDelegate.m; sourceTree = "<group>"; };
		B98A216B1AA0A51600651DA8 /* main.m */ = {isa = PBXFileReference; lastKnownFileType = sourcecode.c.objc; path = main.m; sourceTree = "<group>"; };
		B98A216D1AA0A51700651DA8 /* Images.xcassets */ = {isa = PBXFileReference; lastKnownFileType = folder.assetcatalog; path = Images.xcassets; sourceTree = "<group>"; };
		B98A21701AA0A51700651DA8 /* Base */ = {isa = PBXFileReference; lastKnownFileType = file.xib; name = Base; path = Base.lproj/MainMenu.xib; sourceTree = "<group>"; };
		B98A21761AA0A51800651DA8 /* ClearIconTests.xctest */ = {isa = PBXFileReference; explicitFileType = wrapper.cfbundle; includeInIndex = 0; path = ClearIconTests.xctest; sourceTree = BUILT_PRODUCTS_DIR; };
		B98A217B1AA0A51800651DA8 /* Info.plist */ = {isa = PBXFileReference; lastKnownFileType = text.plist.xml; path = Info.plist; sourceTree = "<group>"; };
		B98A217C1AA0A51800651DA8 /* ClearIconTests.m */ = {isa = PBXFileReference; lastKnownFileType = sourcecode.c.objc; path = ClearIconTests.m; sourceTree = "<group>"; };
/* End PBXFileReference section */

/* Begin PBXFrameworksBuildPhase section */
		B98A21601AA0A51500651DA8 /* Frameworks */ = {
			isa = PBXFrameworksBuildPhase;
			buildActionMask = 2147483647;
			files = (
			);
			runOnlyForDeploymentPostprocessing = 0;
		};
		B98A21731AA0A51800651DA8 /* Frameworks */ = {
			isa = PBXFrameworksBuildPhase;
			buildActionMask = 2147483647;
			files = (
			);
			runOnlyForDeploymentPostprocessing = 0;
		};
/* End PBXFrameworksBuildPhase section */

/* Begin PBXGroup section */
		B98A215A1AA0A51300651DA8 = {
			isa = PBXGroup;
			children = (
				B98A21651AA0A51600651DA8 /* ClearIcon */,
				B98A21791AA0A51800651DA8 /* ClearIconTests */,
				B98A21641AA0A51600651DA8 /* Products */,
			);
			sourceTree = "<group>";
		};
		B98A21641AA0A51600651DA8 /* Products */ = {
			isa = PBXGroup;
			children = (
				B98A21631AA0A51600651DA8 /* ClearIcon.app */,
				B98A21761AA0A51800651DA8 /* ClearIconTests.xctest */,
			);
			name = Products;
			sourceTree = "<group>";
		};
		B98A21651AA0A51600651DA8 /* ClearIcon */ = {
			isa = PBXGroup;
			children = (
				B98A21681AA0A51600651DA8 /* AppDelegate.h */,
				B98A21691AA0A51600651DA8 /* AppDelegate.m */,
				B98A216D1AA0A51700651DA8 /* Images.xcassets */,
				B98A216F1AA0A51700651DA8 /* MainMenu.xib */,
				B98A21661AA0A51600651DA8 /* Supporting Files */,
			);
			path = ClearIcon;
			sourceTree = "<group>";
		};
		B98A21661AA0A51600651DA8 /* Supporting Files */ = {
			isa = PBXGroup;
			children = (
				B98A21671AA0A51600651DA8 /* Info.plist */,
				B98A216B1AA0A51600651DA8 /* main.m */,
			);
			name = "Supporting Files";
			sourceTree = "<group>";
		};
		B98A21791AA0A51800651DA8 /* ClearIconTests */ = {
			isa = PBXGroup;
			children = (
				B98A217C1AA0A51800651DA8 /* ClearIconTests.m */,
				B98A217A1AA0A51800651DA8 /* Supporting Files */,
			);
			path = ClearIconTests;
			sourceTree = "<group>";
		};
		B98A217A1AA0A51800651DA8 /* Supporting Files */ = {
			isa = PBXGroup;
			children = (
				B98A217B1AA0A51800651DA8 /* Info.plist */,
			);
			name = "Supporting Files";
			sourceTree = "<group>";
		};
/* End PBXGroup section */

/* Begin PBXNativeTarget section */
		B98A21621AA0A51500651DA8 /* ClearIcon */ = {
			isa = PBXNativeTarget;
			buildConfigurationList = B98A21801AA0A51800651DA8 /* Build configuration list for PBXNativeTarget "ClearIcon" */;
			buildPhases = (
				B98A215F1AA0A51500651DA8 /* Sources */,
				B98A21601AA0A51500651DA8 /* Frameworks */,
				B98A21611AA0A51500651DA8 /* Resources */,
			);
			buildRules = (
			);
			dependencies = (
			);
			name = ClearIcon;
			productName = ClearIcon;
			productReference = B98A21631AA0A51600651DA8 /* ClearIcon.app */;
			productType = "com.apple.product-type.application";
		};
		B98A21751AA0A51800651DA8 /* ClearIconTests */ = {
			isa = PBXNativeTarget;
			buildConfigurationList = B98A21831AA0A51800651DA8 /* Build configuration list for PBXNativeTarget "ClearIconTests" */;
			buildPhases = (
				B98A21721AA0A51800651DA8 /* Sources */,
				B98A21731AA0A51800651DA8 /* Frameworks */,
				B98A21741AA0A51800651DA8 /* Resources */,
			);
			buildRules = (
			);
			dependencies = (
				B98A21781AA0A51800651DA8 /* PBXTargetDependency */,
			);
			name = ClearIconTests;
			productName = ClearIconTests;
			productReference = B98A21761AA0A51800651DA8 /* ClearIconTests.xctest */;
			productType = "com.apple.product-type.bundle.unit-test";
		};
/* End PBXNativeTarget section */

/* Begin PBXProject section */
		B98A215B1AA0A51400651DA8 /* Project object */ = {
			isa = PBXProject;
			attributes = {
				LastUpgradeCheck = 0610;
				ORGANIZATIONNAME = "Saori Kohno";
				TargetAttributes = {
					B98A21621AA0A51500651DA8 = {
						CreatedOnToolsVersion = 6.1.1;
					};
					B98A21751AA0A51800651DA8 = {
						CreatedOnToolsVersion = 6.1.1;
						TestTargetID = B98A21621AA0A51500651DA8;
					};
				};
			};
			buildConfigurationList = B98A215E1AA0A51400651DA8 /* Build configuration list for PBXProject "ClearIcon" */;
			compatibilityVersion = "Xcode 3.2";
			developmentRegion = English;
			hasScannedForEncodings = 0;
			knownRegions = (
				en,
				Base,
			);
			mainGroup = B98A215A1AA0A51300651DA8;
			productRefGroup = B98A21641AA0A51600651DA8 /* Products */;
			projectDirPath = "";
			projectRoot = "";
			targets = (
				B98A21621AA0A51500651DA8 /* ClearIcon */,
				B98A21751AA0A51800651DA8 /* ClearIconTests */,
			);
		};
/* End PBXProject section */

/* Begin PBXResourcesBuildPhase section */
		B98A21611AA0A51500651DA8 /* Resources */ = {
			isa = PBXResourcesBuildPhase;
			buildActionMask = 2147483647;
			files = (
				B98A216E1AA0A51700651DA8 /* Images.xcassets in Resources */,
				B98A21711AA0A51700651DA8 /* MainMenu.xib in Resources */,
			);
			runOnlyForDeploymentPostprocessing = 0;
		};
		B98A21741AA0A51800651DA8 /* Resources */ = {
			isa = PBXResourcesBuildPhase;
			buildActionMask = 2147483647;
			files = (
			);
			runOnlyForDeploymentPostprocessing = 0;
		};
/* End PBXResourcesBuildPhase section */

/* Begin PBXSourcesBuildPhase section */
		B98A215F1AA0A51500651DA8 /* Sources */ = {
			isa = PBXSourcesBuildPhase;
			buildActionMask = 2147483647;
			files = (
				B98A216C1AA0A51600651DA8 /* main.m in Sources */,
				B98A216A1AA0A51600651DA8 /* AppDelegate.m in Sources */,
			);
			runOnlyForDeploymentPostprocessing = 0;
		};
		B98A21721AA0A51800651DA8 /* Sources */ = {
			isa = PBXSourcesBuildPhase;
			buildActionMask = 2147483647;
			files = (
				B98A217D1AA0A51800651DA8 /* ClearIconTests.m in Sources */,
			);
			runOnlyForDeploymentPostprocessing = 0;
		};
/* End PBXSourcesBuildPhase section */

/* Begin PBXTargetDependency section */
		B98A21781AA0A51800651DA8 /* PBXTargetDependency */ = {
			isa = PBXTargetDependency;
			target = B98A21621AA0A51500651DA8 /* ClearIcon */;
			targetProxy = B98A21771AA0A51800651DA8 /* PBXContainerItemProxy */;
		};
/* End PBXTargetDependency section */

/* Begin PBXVariantGroup section */
		B98A216F1AA0A51700651DA8 /* MainMenu.xib */ = {
			isa = PBXVariantGroup;
			children = (
				B98A21701AA0A51700651DA8 /* Base */,
			);
			name = MainMenu.xib;
			sourceTree = "<group>";
		};
/* End PBXVariantGroup section */

/* Begin XCBuildConfiguration section */
		B98A217E1AA0A51800651DA8 /* Debug */ = {
			isa = XCBuildConfiguration;
			buildSettings = {
				ALWAYS_SEARCH_USER_PATHS = NO;
				CLANG_CXX_LANGUAGE_STANDARD = "gnu++0x";
				CLANG_CXX_LIBRARY = "libc++";
				CLANG_ENABLE_MODULES = YES;
				CLANG_ENABLE_OBJC_ARC = YES;
				CLANG_WARN_BOOL_CONVERSION = YES;
				CLANG_WARN_CONSTANT_CONVERSION = YES;
				CLANG_WARN_DIRECT_OBJC_ISA_USAGE = YES_ERROR;
				CLANG_WARN_EMPTY_BODY = YES;
				CLANG_WARN_ENUM_CONVERSION = YES;
				CLANG_WARN_INT_CONVERSION = YES;
				CLANG_WARN_OBJC_ROOT_CLASS = YES_ERROR;
				CLANG_WARN_UNREACHABLE_CODE = YES;
				CLANG_WARN__DUPLICATE_METHOD_MATCH = YES;
				CODE_SIGN_IDENTITY = "-";
				COPY_PHASE_STRIP = NO;
				ENABLE_STRICT_OBJC_MSGSEND = YES;
				GCC_C_LANGUAGE_STANDARD = gnu99;
				GCC_DYNAMIC_NO_PIC = NO;
				GCC_OPTIMIZATION_LEVEL = 0;
				GCC_PREPROCESSOR_DEFINITIONS = (
					"DEBUG=1",
					"$(inherited)",
				);
				GCC_SYMBOLS_PRIVATE_EXTERN = NO;
				GCC_WARN_64_TO_32_BIT_CONVERSION = YES;
				GCC_WARN_ABOUT_RETURN_TYPE = YES_ERROR;
				GCC_WARN_UNDECLARED_SELECTOR = YES;
				GCC_WARN_UNINITIALIZED_AUTOS = YES_AGGRESSIVE;
				GCC_WARN_UNUSED_FUNCTION = YES;
				GCC_WARN_UNUSED_VARIABLE = YES;
				MACOSX_DEPLOYMENT_TARGET = 10.10;
				MTL_ENABLE_DEBUG_INFO = YES;
				ONLY_ACTIVE_ARCH = YES;
				SDKROOT = macosx;
			};
			name = Debug;
		};
		B98A217F1AA0A51800651DA8 /* Release */ = {
			isa = XCBuildConfiguration;
			buildSettings = {
				ALWAYS_SEARCH_USER_PATHS = NO;
				CLANG_CXX_LANGUAGE_STANDARD = "gnu++0x";
				CLANG_CXX_LIBRARY = "libc++";
				CLANG_ENABLE_MODULES = YES;
				CLANG_ENABLE_OBJC_ARC = YES;
				CLANG_WARN_BOOL_CONVERSION = YES;
				CLANG_WARN_CONSTANT_CONVERSION = YES;
				CLANG_WARN_DIRECT_OBJC_ISA_USAGE = YES_ERROR;
				CLANG_WARN_EMPTY_BODY = YES;
				CLANG_WARN_ENUM_CONVERSION = YES;
				CLANG_WARN_INT_CONVERSION = YES;
				CLANG_WARN_OBJC_ROOT_CLASS = YES_ERROR;
				CLANG_WARN_UNREACHABLE_CODE = YES;
				CLANG_WARN__DUPLICATE_METHOD_MATCH = YES;
				CODE_SIGN_IDENTITY = "-";
				COPY_PHASE_STRIP = YES;
				DEBUG_INFORMATION_FORMAT = "dwarf-with-dsym";
				ENABLE_NS_ASSERTIONS = NO;
				ENABLE_STRICT_OBJC_MSGSEND = YES;
				GCC_C_LANGUAGE_STANDARD = gnu99;
				GCC_WARN_64_TO_32_BIT_CONVERSION = YES;
				GCC_WARN_ABOUT_RETURN_TYPE = YES_ERROR;
				GCC_WARN_UNDECLARED_SELECTOR = YES;
				GCC_WARN_UNINITIALIZED_AUTOS = YES_AGGRESSIVE;
				GCC_WARN_UNUSED_FUNCTION = YES;
				GCC_WARN_UNUSED_VARIABLE = YES;
				MACOSX_DEPLOYMENT_TARGET = 10.10;
				MTL_ENABLE_DEBUG_INFO = NO;
				SDKROOT = macosx;
			};
			name = Release;
		};
		B98A21811AA0A51800651DA8 /* Debug */ = {
			isa = XCBuildConfiguration;
			buildSettings = {
				ASSETCATALOG_COMPILER_APPICON_NAME = AppIcon;
				COMBINE_HIDPI_IMAGES = YES;
				INFOPLIST_FILE = ClearIcon/Info.plist;
				LD_RUNPATH_SEARCH_PATHS = "$(inherited) @executable_path/../Frameworks";
				PRODUCT_NAME = "$(TARGET_NAME)";
			};
			name = Debug;
		};
		B98A21821AA0A51800651DA8 /* Release */ = {
			isa = XCBuildConfiguration;
			buildSettings = {
				ASSETCATALOG_COMPILER_APPICON_NAME = AppIcon;
				COMBINE_HIDPI_IMAGES = YES;
				INFOPLIST_FILE = ClearIcon/Info.plist;
				LD_RUNPATH_SEARCH_PATHS = "$(inherited) @executable_path/../Frameworks";
				PRODUCT_NAME = "$(TARGET_NAME)";
			};
			name = Release;
		};
		B98A21841AA0A51800651DA8 /* Debug */ = {
			isa = XCBuildConfiguration;
			buildSettings = {
				BUNDLE_LOADER = "$(TEST_HOST)";
				COMBINE_HIDPI_IMAGES = YES;
				FRAMEWORK_SEARCH_PATHS = (
					"$(DEVELOPER_FRAMEWORKS_DIR)",
					"$(inherited)",
				);
				GCC_PREPROCESSOR_DEFINITIONS = (
					"DEBUG=1",
					"$(inherited)",
				);
				INFOPLIST_FILE = ClearIconTests/Info.plist;
				LD_RUNPATH_SEARCH_PATHS = "$(inherited) @executable_path/../Frameworks @loader_path/../Frameworks";
				PRODUCT_NAME = "$(TARGET_NAME)";
				TEST_HOST = "$(BUILT_PRODUCTS_DIR)/ClearIcon.app/Contents/MacOS/ClearIcon";
			};
			name = Debug;
		};
		B98A21851AA0A51800651DA8 /* Release */ = {
			isa = XCBuildConfiguration;
			buildSettings = {
				BUNDLE_LOADER = "$(TEST_HOST)";
				COMBINE_HIDPI_IMAGES = YES;
				FRAMEWORK_SEARCH_PATHS = (
					"$(DEVELOPER_FRAMEWORKS_DIR)",
					"$(inherited)",
				);
				INFOPLIST_FILE = ClearIconTests/Info.plist;
				LD_RUNPATH_SEARCH_PATHS = "$(inherited) @executable_path/../Frameworks @loader_path/../Frameworks";
				PRODUCT_NAME = "$(TARGET_NAME)";
				TEST_HOST = "$(BUILT_PRODUCTS_DIR)/ClearIcon.app/Contents/MacOS/ClearIcon";
			};
			name = Release;
		};
/* End XCBuildConfiguration section */

/* Begin XCConfigurationList section */
		B98A215E1AA0A51400651DA8 /* Build configuration list for PBXProject "ClearIcon" */ = {
			isa = XCConfigurationList;
			buildConfigurations = (
				B98A217E1AA0A51800651DA8 /* Debug */,
				B98A217F1AA0A51800651DA8 /* Release */,
			);
			defaultConfigurationIsVisible = 0;
			defaultConfigurationName = Release;
		};
		B98A21801AA0A51800651DA8 /* Build configuration list for PBXNativeTarget "ClearIcon" */ = {
			isa = XCConfigurationList;
			buildConfigurations = (
				B98A21811AA0A51800651DA8 /* Debug */,
				B98A21821AA0A51800651DA8 /* Release */,
			);
			defaultConfigurationIsVisible = 0;
		};
		B98A21831AA0A51800651DA8 /* Build configuration list for PBXNativeTarget "ClearIconTests" */ = {
			isa = XCConfigurationList;
			buildConfigurations = (
				B98A21841AA0A51800651DA8 /* Debug */,
				B98A21851AA0A51800651DA8 /* Release */,
			);
			defaultConfigurationIsVisible = 0;
		};
/* End XCConfigurationList section */
	};
	rootObject = B98A215B1AA0A51400651DA8 /* Project object */;
}
